#MicroXplorer Configuration settings - do not modify
Mcu.Family=STM32L0
PA6.GPIOParameters=GPIO_Speed
RCC.MSI_VALUE=2097000
ProjectManager.MainLocation=Core/Src
PA6.Mode=Full_Duplex_Master
PC7.GPIOParameters=GPIO_Speed,GPIO_Label
RCC.USART1Freq_Value=32000000
ProjectManager.ProjectFileName=ece477-i2c-integrated-nucleo.ioc
USART2.IPParameters=VirtualMode-Asynchronous,BaudRate
PA7.Mode=Full_Duplex_Master
RCC.48USBFreq_Value=32000000
ProjectManager.KeepUserCode=true
Mcu.UserName=STM32L053R8Tx
Mcu.PinsNb=13
SPI1.VirtualType=VM_MASTER
ProjectManager.NoMain=false
NVIC.TIM6_DAC_IRQn=true\:1\:0\:true\:true\:true\:1\:true\:true
SPI1.IPParameters=VirtualType,Mode,Direction,CalculateBaudRate
RCC.LPUARTFreq_Value=32000000
RCC.PLLCLKFreq_Value=32000000
PA9.GPIO_Label=SRAM_CS
PC7.Locked=true
ProjectManager.functionlistsort=1-MX_GPIO_Init-GPIO-false-HAL-true,2-SystemClock_Config-RCC-false-HAL-false,3-MX_I2C1_Init-I2C1-false-HAL-true,4-MX_USART2_UART_Init-USART2-false-HAL-true,5-MX_TIM6_Init-TIM6-false-HAL-true,6-MX_SPI1_Init-SPI1-false-HAL-true
PA9.GPIOParameters=GPIO_Label
TIM6.Prescaler=2097-1
VP_TIM6_VS_ClockSourceINT.Mode=Enable_Timer
RCC.RTCFreq_Value=37000
ProjectManager.DefaultFWLocation=true
PB6.GPIO_Label=EPD_CS
RCC.USART2Freq_Value=32000000
NVIC.SVC_IRQn=true\:0\:0\:false\:false\:true\:false\:false
ProjectManager.DeletePrevious=true
RCC.TimerFreq_Value=32000000
RCC.48CLKFreq_Value=32000000
USART2.BaudRate=9600
PinOutPanel.RotationAngle=0
RCC.FamilyName=M
RCC.SYSCLKSource=RCC_SYSCLKSOURCE_PLLCLK
ProjectManager.StackSize=0x400
SH.GPXTI2.0=GPIO_EXTI2
RCC.WatchDogFreq_Value=37000
VP_TIM6_VS_ClockSourceINT.Signal=TIM6_VS_ClockSourceINT
PA3.Mode=Asynchronous
Mcu.IP4=SYS
PB2.GPIO_ModeDefaultEXTI=GPIO_MODE_IT_FALLING
RCC.FCLKCortexFreq_Value=32000000
RCC.HSI16_VALUE=16000000
Mcu.IP5=TIM6
I2C1.IPParameters=Timing
Mcu.IP2=RCC
Mcu.IP3=SPI1
Mcu.IP0=I2C1
Mcu.IP1=NVIC
TIM6.IPParameters=Prescaler,Period
SH.GPXTI2.ConfNb=1
Mcu.UserConstants=
ProjectManager.TargetToolchain=STM32CubeIDE
Mcu.ThirdPartyNb=0
SPI1.Direction=SPI_DIRECTION_2LINES
RCC.HCLKFreq_Value=32000000
Mcu.IPNb=7
ProjectManager.PreviousToolchain=STM32CubeIDE
PB9.Mode=I2C
RCC.APB2TimFreq_Value=32000000
PA9.Signal=GPIO_Output
PB2.GPIOParameters=GPIO_ModeDefaultEXTI
PB6.Signal=GPIO_Output
I2C1.Timing=0x00707CBB
PC7.Signal=GPIO_Output
PB9.Locked=true
SPI1.CalculateBaudRate=16.0 MBits/s
Mcu.Pin6=PC7
Mcu.Pin7=PA9
ProjectManager.RegisterCallBack=
Mcu.Pin8=PB6
Mcu.Pin9=PB8
RCC.LSE_VALUE=32768
RCC.AHBFreq_Value=32000000
Mcu.Pin0=PA2
Mcu.Pin1=PA3
GPIO.groupedBy=Group By Peripherals
Mcu.Pin2=PA5
Mcu.Pin3=PA6
Mcu.Pin4=PA7
Mcu.Pin5=PB2
PA5.Signal=SPI1_SCK
ProjectManager.ProjectBuild=false
RCC.HSE_VALUE=8000000
RCC.MCOPinFreq_Value=32000000
PB2.Signal=GPXTI2
board=custom
PC7.GPIO_Speed=GPIO_SPEED_FREQ_MEDIUM
USART2.VirtualMode-Asynchronous=VM_ASYNC
RCC.VCOOutputFreq_Value=64000000
NVIC.SysTick_IRQn=true\:0\:0\:false\:false\:true\:false\:true
ProjectManager.LastFirmware=true
RCC.PLLMUL=RCC_PLLMUL_4
PA7.GPIO_Speed=GPIO_SPEED_FREQ_MEDIUM
NVIC.EXTI2_3_IRQn=true\:1\:0\:true\:false\:true\:true\:true
ProjectManager.FirmwarePackage=STM32Cube FW_L0 V1.12.0
MxDb.Version=DB.6.0.20
RCC.APB2Freq_Value=32000000
ProjectManager.BackupPrevious=false
MxCube.Version=6.2.0
RCC.I2C1Freq_Value=32000000
SPI1.Mode=SPI_MODE_MASTER
RCC.LCDFreq_Value=37000
File.Version=6
VP_SYS_VS_Systick.Mode=SysTick
PA9.Locked=true
PB8.Locked=true
NVIC.NonMaskableInt_IRQn=true\:0\:0\:false\:false\:true\:false\:false
PB6.Locked=true
NVIC.PendSV_IRQn=true\:0\:0\:false\:false\:true\:false\:false
TIM6.Period=1000-1
ProjectManager.FreePins=false
RCC.IPParameters=48CLKFreq_Value,48RNGFreq_Value,48USBFreq_Value,AHBFreq_Value,APB1Freq_Value,APB1TimFreq_Value,APB2Freq_Value,APB2TimFreq_Value,FCLKCortexFreq_Value,FamilyName,HCLKFreq_Value,HSE_VALUE,HSI16_VALUE,HSI48_VALUE,HSI_VALUE,I2C1Freq_Value,LCDFreq_Value,LPTIMFreq_Value,LPUARTFreq_Value,LSE_VALUE,LSI_VALUE,MCOPinFreq_Value,MSI_VALUE,PLLCLKFreq_Value,PLLMUL,PWRFreq_Value,RTCFreq_Value,RTCHSEDivFreq_Value,SYSCLKFreq_VALUE,SYSCLKSource,TIMFreq_Value,TimerFreq_Value,USART1Freq_Value,USART2Freq_Value,VCOOutputFreq_Value,WatchDogFreq_Value
ProjectManager.AskForMigrate=true
Mcu.Name=STM32L053R(6-8)Tx
PB6.GPIOParameters=GPIO_Speed,GPIO_Label
ProjectManager.HalAssertFull=false
RCC.RTCHSEDivFreq_Value=4000000
PA2.Signal=USART2_TX
ProjectManager.ProjectName=ece477-i2c-integrated-nucleo
ProjectManager.UnderRoot=true
PB2.Locked=true
PC7.GPIO_Label=EPD_DC
Mcu.IP6=USART2
ProjectManager.CoupleFile=true
RCC.SYSCLKFreq_VALUE=32000000
Mcu.Package=LQFP64
PB9.Signal=I2C1_SDA
PA6.Signal=SPI1_MISO
NVIC.ForceEnableDMAVector=true
KeepUserPlacement=false
ProjectManager.CompilerOptimize=6
ProjectManager.ToolChainLocation=
RCC.LSI_VALUE=37000
VP_SYS_VS_Systick.Signal=SYS_VS_Systick
ProjectManager.HeapSize=0x200
NVIC.HardFault_IRQn=true\:0\:0\:false\:false\:true\:false\:false
PA5.GPIOParameters=GPIO_Speed
ProjectManager.ComputerToolchain=false
RCC.HSI_VALUE=16000000
PA5.GPIO_Speed=GPIO_SPEED_FREQ_MEDIUM
Mcu.Pin11=VP_SYS_VS_Systick
Mcu.Pin12=VP_TIM6_VS_ClockSourceINT
PB8.Mode=I2C
Mcu.Pin10=PB9
RCC.APB1TimFreq_Value=32000000
PA2.Mode=Asynchronous
PB8.Signal=I2C1_SCL
RCC.PWRFreq_Value=32000000
RCC.48RNGFreq_Value=32000000
PA6.GPIO_Speed=GPIO_SPEED_FREQ_MEDIUM
PB6.GPIO_Speed=GPIO_SPEED_FREQ_MEDIUM
RCC.APB1Freq_Value=32000000
PA7.GPIOParameters=GPIO_Speed
ProjectManager.CustomerFirmwarePackage=
ProjectManager.DeviceId=STM32L053R8Tx
ProjectManager.LibraryCopy=1
RCC.HSI48_VALUE=48000000
RCC.LPTIMFreq_Value=32000000
PA3.Signal=USART2_RX
PA7.Signal=SPI1_MOSI
PA5.Mode=Full_Duplex_Master
RCC.TIMFreq_Value=32000000
isbadioc=false
