#MicroXplorer Configuration settings - do not modify
Mcu.Family=STM32L0
RCC.MSI_VALUE=2097000
ProjectManager.MainLocation=Core/Src
RCC.USART1Freq_Value=2097000
ProjectManager.ProjectFileName=ece477-i2c-integrated-nucleo.ioc
USART2.IPParameters=VirtualMode-Asynchronous,BaudRate
ProjectManager.KeepUserCode=true
Mcu.UserName=STM32L053R8Tx
Mcu.PinsNb=7
ProjectManager.NoMain=false
NVIC.TIM6_DAC_IRQn=true\:0\:0\:false\:true\:true\:1\:true\:true
RCC.LPUARTFreq_Value=2097000
RCC.PLLCLKFreq_Value=24000000
ProjectManager.functionlistsort=1-MX_GPIO_Init-GPIO-false-HAL-true,2-SystemClock_Config-RCC-false-HAL-false,3-MX_I2C1_Init-I2C1-false-HAL-true,4-MX_USART2_UART_Init-USART2-false-HAL-true,5-MX_TIM6_Init-TIM6-false-HAL-true
TIM6.Prescaler=2097-1
VP_TIM6_VS_ClockSourceINT.Mode=Enable_Timer
RCC.RTCFreq_Value=37000
ProjectManager.DefaultFWLocation=true
RCC.USART2Freq_Value=2097000
NVIC.SVC_IRQn=true\:0\:0\:false\:false\:true\:false\:false
ProjectManager.DeletePrevious=true
RCC.48CLKFreq_Value=24000000
USART2.BaudRate=9600
PinOutPanel.RotationAngle=0
RCC.FamilyName=M
ProjectManager.StackSize=0x400
SH.GPXTI2.0=GPIO_EXTI2
RCC.WatchDogFreq_Value=37000
VP_TIM6_VS_ClockSourceINT.Signal=TIM6_VS_ClockSourceINT
PA3.Mode=Asynchronous
Mcu.IP4=TIM6
PB2.GPIO_ModeDefaultEXTI=GPIO_MODE_IT_FALLING
RCC.HSI16_VALUE=16000000
Mcu.IP5=USART2
Mcu.IP2=RCC
Mcu.IP3=SYS
Mcu.IP0=I2C1
Mcu.IP1=NVIC
TIM6.IPParameters=Prescaler,Period
SH.GPXTI2.ConfNb=1
Mcu.UserConstants=
ProjectManager.TargetToolchain=STM32CubeIDE
Mcu.ThirdPartyNb=0
Mcu.IPNb=6
ProjectManager.PreviousToolchain=STM32CubeIDE
PB9.Mode=I2C
RCC.APB2TimFreq_Value=2097000
PB2.GPIOParameters=GPIO_ModeDefaultEXTI
PB9.Locked=true
Mcu.Pin6=VP_TIM6_VS_ClockSourceINT
ProjectManager.RegisterCallBack=
RCC.LSE_VALUE=32768
RCC.AHBFreq_Value=2097000
Mcu.Pin0=PA2
Mcu.Pin1=PA3
GPIO.groupedBy=Group By Peripherals
Mcu.Pin2=PB2
Mcu.Pin3=PB8
Mcu.Pin4=PB9
Mcu.Pin5=VP_SYS_VS_Systick
ProjectManager.ProjectBuild=false
RCC.HSE_VALUE=8000000
PB2.Signal=GPXTI2
board=custom
USART2.VirtualMode-Asynchronous=VM_ASYNC
RCC.VCOOutputFreq_Value=48000000
NVIC.SysTick_IRQn=true\:0\:0\:false\:false\:true\:false\:true
ProjectManager.LastFirmware=true
NVIC.EXTI2_3_IRQn=true\:0\:0\:false\:false\:true\:true\:true
ProjectManager.FirmwarePackage=STM32Cube FW_L0 V1.12.0
MxDb.Version=DB.6.0.20
RCC.APB2Freq_Value=2097000
ProjectManager.BackupPrevious=false
MxCube.Version=6.2.0
RCC.I2C1Freq_Value=2097000
RCC.LCDFreq_Value=37000
File.Version=6
VP_SYS_VS_Systick.Mode=SysTick
PB8.Locked=true
NVIC.NonMaskableInt_IRQn=true\:0\:0\:false\:false\:true\:false\:false
NVIC.PendSV_IRQn=true\:0\:0\:false\:false\:true\:false\:false
TIM6.Period=1000-1
ProjectManager.FreePins=false
RCC.IPParameters=48CLKFreq_Value,AHBFreq_Value,APB1Freq_Value,APB1TimFreq_Value,APB2Freq_Value,APB2TimFreq_Value,FamilyName,HSE_VALUE,HSI16_VALUE,HSI48_VALUE,HSI_VALUE,I2C1Freq_Value,LCDFreq_Value,LPTIMFreq_Value,LPUARTFreq_Value,LSE_VALUE,LSI_VALUE,MSI_VALUE,PLLCLKFreq_Value,PWRFreq_Value,RTCFreq_Value,RTCHSEDivFreq_Value,SYSCLKFreq_VALUE,TIMFreq_Value,USART1Freq_Value,USART2Freq_Value,VCOOutputFreq_Value,WatchDogFreq_Value
ProjectManager.AskForMigrate=true
Mcu.Name=STM32L053R(6-8)Tx
ProjectManager.HalAssertFull=false
RCC.RTCHSEDivFreq_Value=4000000
PA2.Signal=USART2_TX
ProjectManager.ProjectName=ece477-i2c-integrated-nucleo
ProjectManager.UnderRoot=true
PB2.Locked=true
ProjectManager.CoupleFile=true
RCC.SYSCLKFreq_VALUE=2097000
Mcu.Package=LQFP64
PB9.Signal=I2C1_SDA
NVIC.ForceEnableDMAVector=true
KeepUserPlacement=false
ProjectManager.CompilerOptimize=6
ProjectManager.ToolChainLocation=
RCC.LSI_VALUE=37000
VP_SYS_VS_Systick.Signal=SYS_VS_Systick
ProjectManager.HeapSize=0x200
NVIC.HardFault_IRQn=true\:0\:0\:false\:false\:true\:false\:false
ProjectManager.ComputerToolchain=false
RCC.HSI_VALUE=16000000
PB8.Mode=I2C
RCC.APB1TimFreq_Value=2097000
PA2.Mode=Asynchronous
PB8.Signal=I2C1_SCL
RCC.PWRFreq_Value=2097000
RCC.APB1Freq_Value=2097000
ProjectManager.CustomerFirmwarePackage=
ProjectManager.DeviceId=STM32L053R8Tx
ProjectManager.LibraryCopy=1
RCC.HSI48_VALUE=48000000
RCC.LPTIMFreq_Value=2097000
PA3.Signal=USART2_RX
RCC.TIMFreq_Value=2097000
isbadioc=false
