#MicroXplorer Configuration settings - do not modify
Mcu.Family=STM32L0
ProjectManager.MainLocation=Core/Src
PB13.GPIOParameters=GPIO_Label
PA6.Mode=Full_Duplex_Master
RCC.USART1Freq_Value=2097000
SPI2.VirtualNSS=VM_NSSHARD
USART2.IPParameters=VirtualMode-Asynchronous
ProjectManager.KeepUserCode=true
Mcu.UserName=STM32L053C8Tx
SPI1.VirtualType=VM_MASTER
SPI2.VirtualType=VM_MASTER
RCC.PLLCLKFreq_Value=24000000
PB14.GPIO_Label=WIFI_MISO
PA14.GPIO_Label=WIFI_TX
PA0.GPIO_Label=ADC_PRESSURE
PA12.GPIOParameters=GPIO_Label
ProjectManager.functionlistsort=1-MX_GPIO_Init-GPIO-false-HAL-true,2-SystemClock_Config-RCC-false-HAL-false,3-MX_ADC_Init-ADC-false-HAL-true,4-MX_SPI1_Init-SPI1-false-HAL-true,5-MX_SPI2_Init-SPI2-false-HAL-true,6-MX_USART1_UART_Init-USART1-false-HAL-true,7-MX_I2C1_Init-I2C1-false-HAL-true,8-MX_USART2_UART_Init-USART2-false-HAL-true
PA11.GPIOParameters=GPIO_Label
RCC.RTCFreq_Value=37000
PA3.GPIOParameters=GPIO_Label
PA6.GPIO_Label=DISP_MISO
PB0.GPIO_Label=DISP_DC
PB6.GPIO_Label=TX
RCC.USART2Freq_Value=2097000
NVIC.SVC_IRQn=true\:0\:0\:false\:false\:true\:false\:false
USART1.IPParameters=VirtualMode-Asynchronous
PB13.GPIO_Label=WIFI_CLK
PB13.Signal=SPI2_SCK
PB15.Signal=SPI2_MOSI
RCC.48CLKFreq_Value=24000000
PA2.GPIOParameters=GPIO_Label
PinOutPanel.RotationAngle=0
ProjectManager.StackSize=0x400
Mcu.IP4=SPI1
Mcu.IP5=SPI2
Mcu.IP2=NVIC
Mcu.IP3=RCC
PA15.GPIO_Label=WIFI_RX
Mcu.IP0=ADC
PA12.Locked=true
Mcu.IP1=I2C1
PA12.Signal=GPIO_Input
Mcu.UserConstants=
PA4.Mode=NSS_Signal_Hard_Output
Mcu.ThirdPartyNb=0
SPI1.Direction=SPI_DIRECTION_2LINES
Mcu.IPNb=9
ProjectManager.PreviousToolchain=
RCC.APB2TimFreq_Value=2097000
PB6.Signal=USART1_TX
SPI1.CalculateBaudRate=1.0485 MBits/s
PB6.Mode=Asynchronous
Mcu.Pin6=PA6
Mcu.Pin7=PA7
Mcu.Pin8=PB0
Mcu.Pin9=PB1
RCC.AHBFreq_Value=2097000
PB13.Locked=true
Mcu.Pin0=PA0
Mcu.Pin1=PA1
Mcu.Pin2=PA2
Mcu.Pin3=PA3
Mcu.Pin4=PA4
Mcu.Pin5=PA5
ProjectManager.ProjectBuild=false
RCC.HSE_VALUE=8000000
USART2.VirtualMode-Asynchronous=VM_ASYNC
PA15.Mode=Asynchronous
NVIC.SysTick_IRQn=true\:0\:0\:false\:false\:true\:false\:true
PB12.GPIO_Label=WIFI_NSS
ProjectManager.FirmwarePackage=STM32Cube FW_L0 V1.12.0
MxDb.Version=DB.6.0.20
PB0.GPIOParameters=GPIO_Label
PA1.GPIOParameters=GPIO_Label
ProjectManager.BackupPrevious=false
PA14.Mode=Asynchronous
PB14.Mode=Full_Duplex_Master
PB1.GPIO_Label=DISP_NRST
File.Version=6
PA10.GPIO_Label=BTN_1_IN
PA0.Mode=IN0
SPI2.CalculateBaudRate=1.0485 MBits/s
PB7.Signal=USART1_RX
PB8.Locked=true
SPI1.VirtualNSS=VM_NSSHARD
PB6.Locked=true
NVIC.PendSV_IRQn=true\:0\:0\:false\:false\:true\:false\:false
PB6.GPIOParameters=GPIO_Label
ProjectManager.HalAssertFull=false
PB0.Locked=true
ProjectManager.ProjectName=ece477-integration
PA0.Signal=ADC_IN0
PA13.GPIOParameters=GPIO_Label
PB7.GPIO_Label=RX
Mcu.Package=LQFP48
PB9.Signal=I2C1_SDA
PB1.Signal=GPIO_Output
PA6.Signal=SPI1_MISO
PB12.Mode=NSS_Signal_Hard_Output
SPI2.Mode=SPI_MODE_MASTER
ProjectManager.ToolChainLocation=
PA2.GPIO_Label=ADC_TOUCH_X
RCC.LSI_VALUE=37000
VP_SYS_VS_Systick.Signal=SYS_VS_Systick
PA10.Signal=GPIO_Input
PA15.Signal=USART2_RX
PA5.GPIOParameters=GPIO_Label
PB14.GPIOParameters=GPIO_Label
RCC.APB1TimFreq_Value=2097000
SPI2.Direction=SPI_DIRECTION_2LINES
PB13.Mode=Full_Duplex_Master
PA4.GPIO_Label=DISP_NSS
ProjectManager.CustomerFirmwarePackage=
RCC.HSI48_VALUE=48000000
RCC.LPTIMFreq_Value=2097000
PA3.Signal=ADC_IN3
PA5.Mode=Full_Duplex_Master
RCC.TIMFreq_Value=2097000
PA6.GPIOParameters=GPIO_Label
RCC.MSI_VALUE=2097000
ProjectManager.ProjectFileName=ece477-integration.ioc
PA7.Mode=Full_Duplex_Master
Mcu.PinsNb=25
PA15.GPIOParameters=GPIO_Label
ProjectManager.NoMain=false
SPI1.IPParameters=VirtualType,Mode,Direction,CalculateBaudRate,VirtualNSS
RCC.LPUARTFreq_Value=2097000
PA11.GPIO_Label=BTN_2_IN
ProjectManager.DefaultFWLocation=true
ProjectManager.DeletePrevious=true
PA12.GPIO_Label=BTN_3_IN
RCC.FamilyName=M
RCC.WatchDogFreq_Value=37000
USART1.VirtualMode-Asynchronous=VM_ASYNC
PA13.Signal=GPIO_Input
PA3.Mode=IN3
RCC.HSI16_VALUE=16000000
PA11.Locked=true
ProjectManager.TargetToolchain=STM32CubeIDE
PB7.GPIOParameters=GPIO_Label
PB9.Mode=I2C
PB9.Locked=true
SPI2.IPParameters=VirtualType,Mode,Direction,CalculateBaudRate,VirtualNSS
ProjectManager.RegisterCallBack=
RCC.LSE_VALUE=32768
PA1.Signal=ADC_IN1
PB1.Locked=true
PB14.Signal=SPI2_MISO
PA5.Signal=SPI1_SCK
board=custom
RCC.VCOOutputFreq_Value=48000000
ProjectManager.LastFirmware=true
PB15.Mode=Full_Duplex_Master
RCC.APB2Freq_Value=2097000
PA1.Mode=IN1
MxCube.Version=6.2.0
PB15.GPIO_Label=WIFI_MOSI
RCC.I2C1Freq_Value=2097000
SPI1.Mode=SPI_MODE_MASTER
RCC.LCDFreq_Value=37000
PA1.GPIO_Label=ADC_GAS
PA10.GPIOParameters=GPIO_Label
VP_SYS_VS_Systick.Mode=SysTick
NVIC.NonMaskableInt_IRQn=true\:0\:0\:false\:false\:true\:false\:false
PA4.GPIOParameters=GPIO_Label
PB15.GPIOParameters=GPIO_Label
ProjectManager.FreePins=true
RCC.IPParameters=48CLKFreq_Value,AHBFreq_Value,APB1Freq_Value,APB1TimFreq_Value,APB2Freq_Value,APB2TimFreq_Value,FamilyName,HSE_VALUE,HSI16_VALUE,HSI48_VALUE,HSI_VALUE,I2C1Freq_Value,LCDFreq_Value,LPTIMFreq_Value,LPUARTFreq_Value,LSE_VALUE,LSI_VALUE,MSI_VALUE,PLLCLKFreq_Value,PWRFreq_Value,RTCFreq_Value,RTCHSEDivFreq_Value,SYSCLKFreq_VALUE,TIMFreq_Value,USART1Freq_Value,USART2Freq_Value,VCOOutputFreq_Value,WatchDogFreq_Value
ProjectManager.AskForMigrate=true
Mcu.Name=STM32L053C(6-8)Tx
RCC.RTCHSEDivFreq_Value=4000000
PA2.Signal=ADC_IN2
PA13.GPIO_Label=BTN_4_IN
Mcu.Pin24=VP_SYS_VS_Systick
ProjectManager.UnderRoot=true
Mcu.IP8=USART2
Mcu.IP6=SYS
Mcu.IP7=USART1
ProjectManager.CoupleFile=true
PA4.Signal=SPI1_NSS
RCC.SYSCLKFreq_VALUE=2097000
Mcu.Pin22=PB8
Mcu.Pin23=PB9
PA7.GPIO_Label=DISP_MOSI
Mcu.Pin20=PB6
Mcu.Pin21=PB7
PA5.GPIO_Label=DISP_CLK
PA10.Locked=true
NVIC.ForceEnableDMAVector=true
KeepUserPlacement=false
PA14.GPIOParameters=GPIO_Label
PA13.Locked=true
ProjectManager.CompilerOptimize=6
PB7.Mode=Asynchronous
PA11.Signal=GPIO_Output
PA14.Signal=USART2_TX
ProjectManager.HeapSize=0x200
PA0.GPIOParameters=GPIO_Label
Mcu.Pin15=PA11
NVIC.HardFault_IRQn=true\:0\:0\:false\:false\:true\:false\:false
Mcu.Pin16=PA12
Mcu.Pin13=PB15
Mcu.Pin14=PA10
Mcu.Pin19=PA15
ProjectManager.ComputerToolchain=false
Mcu.Pin17=PA13
RCC.HSI_VALUE=16000000
Mcu.Pin18=PA14
Mcu.Pin11=PB13
Mcu.Pin12=PB14
PB8.Mode=I2C
Mcu.Pin10=PB12
PB7.Locked=true
PA2.Mode=IN2
PB8.Signal=I2C1_SCL
RCC.PWRFreq_Value=2097000
RCC.APB1Freq_Value=2097000
PB0.Signal=GPIO_Output
PA7.GPIOParameters=GPIO_Label
ProjectManager.DeviceId=STM32L053C8Tx
PB12.GPIOParameters=GPIO_Label
PB12.Signal=SPI2_NSS
ProjectManager.LibraryCopy=1
PA3.GPIO_Label=ADC_TOUCH_Y
PB1.GPIOParameters=GPIO_Label
PA7.Signal=SPI1_MOSI
isbadioc=false
