#MicroXplorer Configuration settings - do not modify
Mcu.Family=STM32L0
RCC.MSI_VALUE=2097000
ProjectManager.MainLocation=Core/Src
RCC.USART1Freq_Value=2097000
ProjectManager.ProjectFileName=ece477-hts221demo.ioc
ProjectManager.KeepUserCode=true
PA10.Mode=Asynchronous
Mcu.UserName=STM32L053C8Tx
Mcu.PinsNb=6
ProjectManager.NoMain=false
NVIC.TIM6_DAC_IRQn=true\:0\:0\:false\:false\:true\:true\:true
RCC.LPUARTFreq_Value=2097000
RCC.PLLCLKFreq_Value=24000000
ProjectManager.functionlistsort=1-MX_GPIO_Init-GPIO-false-HAL-true,2-SystemClock_Config-RCC-false-HAL-false,3-MX_I2C1_Init-I2C1-false-HAL-true,4-MX_USART1_UART_Init-USART1-false-HAL-true,5-MX_TIM6_Init-TIM6-false-HAL-true
TIM6.Prescaler=2097 - 1
VP_TIM6_VS_ClockSourceINT.Mode=Enable_Timer
RCC.RTCFreq_Value=37000
ProjectManager.DefaultFWLocation=true
RCC.USART2Freq_Value=2097000
NVIC.SVC_IRQn=true\:0\:0\:false\:false\:true\:false\:false
ProjectManager.DeletePrevious=true
USART1.IPParameters=VirtualMode-Asynchronous
RCC.48CLKFreq_Value=24000000
PinOutPanel.RotationAngle=0
RCC.FamilyName=M
ProjectManager.StackSize=0x400
RCC.WatchDogFreq_Value=37000
VP_TIM6_VS_ClockSourceINT.Signal=TIM6_VS_ClockSourceINT
USART1.VirtualMode-Asynchronous=VM_ASYNC
Mcu.IP4=TIM6
RCC.HSI16_VALUE=16000000
Mcu.IP5=USART1
Mcu.IP2=RCC
Mcu.IP3=SYS
Mcu.IP0=I2C1
PA9.Mode=Asynchronous
Mcu.IP1=NVIC
TIM6.IPParameters=Prescaler,Period
Mcu.UserConstants=
ProjectManager.TargetToolchain=STM32CubeIDE
Mcu.ThirdPartyNb=0
Mcu.IPNb=6
ProjectManager.PreviousToolchain=
RCC.APB2TimFreq_Value=2097000
PA9.Signal=USART1_TX
PB6.Signal=I2C1_SCL
PB6.Mode=I2C
ProjectManager.RegisterCallBack=
RCC.LSE_VALUE=32768
RCC.AHBFreq_Value=2097000
Mcu.Pin0=PA9
Mcu.Pin1=PA10
Mcu.Pin2=PB6
Mcu.Pin3=PB7
Mcu.Pin4=VP_SYS_VS_Systick
Mcu.Pin5=VP_TIM6_VS_ClockSourceINT
ProjectManager.ProjectBuild=false
RCC.HSE_VALUE=8000000
board=custom
RCC.VCOOutputFreq_Value=48000000
NVIC.SysTick_IRQn=true\:0\:0\:false\:false\:true\:false\:true
ProjectManager.LastFirmware=true
ProjectManager.FirmwarePackage=STM32Cube FW_L0 V1.12.0
MxDb.Version=DB.6.0.20
RCC.APB2Freq_Value=2097000
ProjectManager.BackupPrevious=false
MxCube.Version=6.2.0
RCC.I2C1Freq_Value=2097000
RCC.LCDFreq_Value=37000
File.Version=6
VP_SYS_VS_Systick.Mode=SysTick
PB7.Signal=I2C1_SDA
NVIC.NonMaskableInt_IRQn=true\:0\:0\:false\:false\:true\:false\:false
NVIC.PendSV_IRQn=true\:0\:0\:false\:false\:true\:false\:false
TIM6.Period=1000 - 1
ProjectManager.FreePins=false
RCC.IPParameters=48CLKFreq_Value,AHBFreq_Value,APB1Freq_Value,APB1TimFreq_Value,APB2Freq_Value,APB2TimFreq_Value,FamilyName,HSE_VALUE,HSI16_VALUE,HSI48_VALUE,HSI_VALUE,I2C1Freq_Value,LCDFreq_Value,LPTIMFreq_Value,LPUARTFreq_Value,LSE_VALUE,LSI_VALUE,MSI_VALUE,PLLCLKFreq_Value,PWRFreq_Value,RTCFreq_Value,RTCHSEDivFreq_Value,SYSCLKFreq_VALUE,TIMFreq_Value,USART1Freq_Value,USART2Freq_Value,VCOOutputFreq_Value,WatchDogFreq_Value
ProjectManager.AskForMigrate=true
Mcu.Name=STM32L053C(6-8)Tx
ProjectManager.HalAssertFull=false
RCC.RTCHSEDivFreq_Value=4000000
ProjectManager.ProjectName=ece477-hts221demo
ProjectManager.UnderRoot=true
ProjectManager.CoupleFile=false
RCC.SYSCLKFreq_VALUE=2097000
Mcu.Package=LQFP48
NVIC.ForceEnableDMAVector=true
KeepUserPlacement=false
ProjectManager.CompilerOptimize=6
ProjectManager.ToolChainLocation=
RCC.LSI_VALUE=37000
VP_SYS_VS_Systick.Signal=SYS_VS_Systick
PB7.Mode=I2C
PA10.Signal=USART1_RX
ProjectManager.HeapSize=0x200
NVIC.HardFault_IRQn=true\:0\:0\:false\:false\:true\:false\:false
ProjectManager.ComputerToolchain=false
RCC.HSI_VALUE=16000000
RCC.APB1TimFreq_Value=2097000
RCC.PWRFreq_Value=2097000
RCC.APB1Freq_Value=2097000
ProjectManager.CustomerFirmwarePackage=
ProjectManager.DeviceId=STM32L053C8Tx
ProjectManager.LibraryCopy=1
RCC.LPTIMFreq_Value=2097000
RCC.HSI48_VALUE=48000000
RCC.TIMFreq_Value=2097000
isbadioc=false
