#MicroXplorer Configuration settings - do not modify
Mcu.Family=STM32L0
RCC.MSI_VALUE=2097000
ProjectManager.MainLocation=Core/Src
RCC.USART1Freq_Value=16000000
ProjectManager.ProjectFileName=ece477-pressure.ioc
RCC.48USBFreq_Value=48000000
ProjectManager.KeepUserCode=true
Mcu.UserName=STM32L053C8Tx
Mcu.PinsNb=3
ProjectManager.NoMain=false
RCC.LPUARTFreq_Value=8000000
RCC.PLLCLKFreq_Value=16000000
ProjectManager.functionlistsort=1-MX_GPIO_Init-GPIO-false-HAL-true,2-SystemClock_Config-RCC-false-HAL-false,3-MX_ADC_Init-ADC-false-HAL-true
RCC.RTCFreq_Value=32768
ProjectManager.DefaultFWLocation=true
RCC.USART2Freq_Value=8000000
NVIC.SVC_IRQn=true\:0\:0\:false\:false\:true\:false\:false
ProjectManager.DeletePrevious=true
RCC.APB1CLKDivider=RCC_HCLK_DIV2
RCC.TimerFreq_Value=16000000
boardIOC=true
RCC.48CLKFreq_Value=24000000
PinOutPanel.RotationAngle=0
RCC.FamilyName=M
RCC.SYSCLKSource=RCC_SYSCLKSOURCE_PLLCLK
ProjectManager.StackSize=0x400
RCC.WatchDogFreq_Value=37000
RCC.HSI48MClockSelection=RCC_USBCLKSOURCE_HSI48
RCC.FCLKCortexFreq_Value=16000000
RCC.HSI16_VALUE=16000000
Mcu.IP2=RCC
Mcu.IP3=SYS
Mcu.IP0=ADC
Mcu.IP1=NVIC
RCC.PLLDIV=RCC_PLLDIV_3
Mcu.UserConstants=
ProjectManager.TargetToolchain=STM32CubeIDE
Mcu.ThirdPartyNb=0
RCC.HCLKFreq_Value=16000000
Mcu.IPNb=4
ProjectManager.PreviousToolchain=
RCC.APB2TimFreq_Value=16000000
ProjectManager.RegisterCallBack=
RCC.LSE_VALUE=32768
RCC.AHBFreq_Value=16000000
Mcu.Pin0=PA0
Mcu.Pin1=PA2
Mcu.Pin2=VP_SYS_VS_Systick
ProjectManager.ProjectBuild=false
RCC.HSE_VALUE=8000000
PA0.Locked=true
RCC.MCOPinFreq_Value=16000000
board=STM32L0538-DISCO
RCC.VCOOutputFreq_Value=48000000
NVIC.SysTick_IRQn=true\:0\:0\:true\:false\:true\:true\:true
ProjectManager.LastFirmware=true
ProjectManager.FirmwarePackage=STM32Cube FW_L0 V1.12.0
MxDb.Version=DB.6.0.20
RCC.APB2Freq_Value=16000000
ProjectManager.BackupPrevious=false
MxCube.Version=6.2.0
RCC.VCOInputFreq_Value=16000000
RCC.I2C1Freq_Value=8000000
RCC.RTCClockSelectionVirtual=RCC_RTCCLKSOURCE_LSE
RCC.LCDFreq_Value=32768
File.Version=6
VP_SYS_VS_Systick.Mode=SysTick
PA0.Mode=IN0
NVIC.NonMaskableInt_IRQn=true\:0\:0\:false\:false\:true\:false\:false
NVIC.PendSV_IRQn=true\:0\:0\:false\:false\:true\:false\:false
ProjectManager.FreePins=false
RCC.IPParameters=48CLKFreq_Value,48RNGFreq_Value,48USBFreq_Value,AHBFreq_Value,APB1CLKDivider,APB1Freq_Value,APB1TimFreq_Value,APB2Freq_Value,APB2TimFreq_Value,FCLKCortexFreq_Value,FamilyName,HCLKFreq_Value,HSE_VALUE,HSI16_VALUE,HSI48MClockSelection,HSI48_VALUE,HSI_VALUE,I2C1Freq_Value,LCDFreq_Value,LPTIMFreq_Value,LPUARTFreq_Value,LSE_VALUE,LSI_VALUE,MCOPinFreq_Value,MSI_VALUE,PLLCLKFreq_Value,PLLDIV,PWRFreq_Value,RTCClockSelectionVirtual,RTCFreq_Value,RTCHSEDivFreq_Value,SYSCLKFreq_VALUE,SYSCLKSource,TIMFreq_Value,TimerFreq_Value,USART1Freq_Value,USART2Freq_Value,VCOInputFreq_Value,VCOOutputFreq_Value,WatchDogFreq_Value
ProjectManager.AskForMigrate=true
Mcu.Name=STM32L053C(6-8)Tx
ProjectManager.HalAssertFull=false
RCC.RTCHSEDivFreq_Value=4000000
PA2.Signal=ADC_IN2
ProjectManager.ProjectName=ece477-pressure
ProjectManager.UnderRoot=true
PA0.Signal=ADC_IN0
ProjectManager.CoupleFile=true
RCC.SYSCLKFreq_VALUE=16000000
Mcu.Package=LQFP48
NVIC.ForceEnableDMAVector=true
KeepUserPlacement=false
ProjectManager.CompilerOptimize=6
ProjectManager.ToolChainLocation=
RCC.LSI_VALUE=37000
VP_SYS_VS_Systick.Signal=SYS_VS_Systick
ProjectManager.HeapSize=0x200
NVIC.HardFault_IRQn=true\:0\:0\:false\:false\:true\:false\:false
ProjectManager.ComputerToolchain=false
RCC.HSI_VALUE=16000000
RCC.APB1TimFreq_Value=16000000
PA2.Mode=IN2
RCC.PWRFreq_Value=16000000
RCC.48RNGFreq_Value=48000000
RCC.APB1Freq_Value=8000000
ProjectManager.CustomerFirmwarePackage=
ProjectManager.DeviceId=STM32L053C8Tx
ProjectManager.LibraryCopy=1
RCC.LPTIMFreq_Value=8000000
RCC.HSI48_VALUE=48000000
RCC.TIMFreq_Value=16000000
PA2.Locked=true
isbadioc=false
